// !$*UTF8*$!
{
	archiveVersion = 1;
	classes = {
	};
	objectVersion = 56;
	objects = {

/* Begin PBXBuildFile section */
		8B3899092C2C527500586752 /* CoreCoordinator.swift in Sources */ = {isa = PBXBuildFile; fileRef = 8B3899082C2C527500586752 /* CoreCoordinator.swift */; };
		8B38990B2C2C54EE00586752 /* Views.swift in Sources */ = {isa = PBXBuildFile; fileRef = 8B38990A2C2C54EE00586752 /* Views.swift */; };
		8B38990E2C2C601900586752 /* IdentifiableEnum.swift in Sources */ = {isa = PBXBuildFile; fileRef = 8B38990D2C2C601900586752 /* IdentifiableEnum.swift */; };
		8B3899122C2C8D2900586752 /* LoginCoordinator.swift in Sources */ = {isa = PBXBuildFile; fileRef = 8B3899112C2C8D2900586752 /* LoginCoordinator.swift */; };
		8B3899152C2C8D4B00586752 /* MainCoordinator.swift in Sources */ = {isa = PBXBuildFile; fileRef = 8B3899142C2C8D4B00586752 /* MainCoordinator.swift */; };
		A17BE8E62A04F272001E25EA /* Assets.xcassets in Resources */ = {isa = PBXBuildFile; fileRef = A17BE8E52A04F272001E25EA /* Assets.xcassets */; };
		A17BE8E92A04F272001E25EA /* Preview Assets.xcassets in Resources */ = {isa = PBXBuildFile; fileRef = A17BE8E82A04F272001E25EA /* Preview Assets.xcassets */; };
		A17BE95A2A051EB1001E25EA /* AppContentView.swift in Sources */ = {isa = PBXBuildFile; fileRef = A17BE8E12A04F26F001E25EA /* AppContentView.swift */; };
		A1E124E02A55A1F3009F9869 /* demo.gif in Resources */ = {isa = PBXBuildFile; fileRef = A1E124DF2A55A1F3009F9869 /* demo.gif */; };
/* End PBXBuildFile section */

/* Begin PBXFileReference section */
		8B3899082C2C527500586752 /* CoreCoordinator.swift */ = {isa = PBXFileReference; lastKnownFileType = sourcecode.swift; path = CoreCoordinator.swift; sourceTree = "<group>"; };
		8B38990A2C2C54EE00586752 /* Views.swift */ = {isa = PBXFileReference; lastKnownFileType = sourcecode.swift; path = Views.swift; sourceTree = "<group>"; };
		8B38990D2C2C601900586752 /* IdentifiableEnum.swift */ = {isa = PBXFileReference; lastKnownFileType = sourcecode.swift; path = IdentifiableEnum.swift; sourceTree = "<group>"; };
		8B3899112C2C8D2900586752 /* LoginCoordinator.swift */ = {isa = PBXFileReference; lastKnownFileType = sourcecode.swift; path = LoginCoordinator.swift; sourceTree = "<group>"; };
		8B3899142C2C8D4B00586752 /* MainCoordinator.swift */ = {isa = PBXFileReference; lastKnownFileType = sourcecode.swift; path = MainCoordinator.swift; sourceTree = "<group>"; };
		A13FF7922A25CE7E002B0C05 /* README.md */ = {isa = PBXFileReference; lastKnownFileType = net.daringfireball.markdown; path = README.md; sourceTree = "<group>"; };
		A17BE8DE2A04F26F001E25EA /* CoordinatorMaster.app */ = {isa = PBXFileReference; explicitFileType = wrapper.application; includeInIndex = 0; path = CoordinatorMaster.app; sourceTree = BUILT_PRODUCTS_DIR; };
		A17BE8E12A04F26F001E25EA /* AppContentView.swift */ = {isa = PBXFileReference; lastKnownFileType = sourcecode.swift; path = AppContentView.swift; sourceTree = "<group>"; };
		A17BE8E52A04F272001E25EA /* Assets.xcassets */ = {isa = PBXFileReference; lastKnownFileType = folder.assetcatalog; path = Assets.xcassets; sourceTree = "<group>"; };
		A17BE8E82A04F272001E25EA /* Preview Assets.xcassets */ = {isa = PBXFileReference; lastKnownFileType = folder.assetcatalog; path = "Preview Assets.xcassets"; sourceTree = "<group>"; };
		A1E124DF2A55A1F3009F9869 /* demo.gif */ = {isa = PBXFileReference; lastKnownFileType = image.gif; path = demo.gif; sourceTree = "<group>"; };
/* End PBXFileReference section */

/* Begin PBXFrameworksBuildPhase section */
		A17BE8DB2A04F26F001E25EA /* Frameworks */ = {
			isa = PBXFrameworksBuildPhase;
			buildActionMask = 2147483647;
			files = (
			);
			runOnlyForDeploymentPostprocessing = 0;
		};
/* End PBXFrameworksBuildPhase section */

/* Begin PBXGroup section */
		8B3899062C2C51F800586752 /* MyOwn */ = {
			isa = PBXGroup;
			children = (
				8B3899132C2C8D3F00586752 /* Main */,
				8B3899102C2C8D2100586752 /* Login */,
				8B38990F2C2C8D1400586752 /* CoreCoordinator */,
				8B38990A2C2C54EE00586752 /* Views.swift */,
			);
			path = MyOwn;
			sourceTree = "<group>";
		};
		8B38990C2C2C600800586752 /* Enum */ = {
			isa = PBXGroup;
			children = (
				8B38990D2C2C601900586752 /* IdentifiableEnum.swift */,
			);
			path = Enum;
			sourceTree = "<group>";
		};
		8B38990F2C2C8D1400586752 /* CoreCoordinator */ = {
			isa = PBXGroup;
			children = (
				8B3899082C2C527500586752 /* CoreCoordinator.swift */,
			);
			path = CoreCoordinator;
			sourceTree = "<group>";
		};
		8B3899102C2C8D2100586752 /* Login */ = {
			isa = PBXGroup;
			children = (
				8B3899112C2C8D2900586752 /* LoginCoordinator.swift */,
			);
			path = Login;
			sourceTree = "<group>";
		};
		8B3899132C2C8D3F00586752 /* Main */ = {
			isa = PBXGroup;
			children = (
				8B3899142C2C8D4B00586752 /* MainCoordinator.swift */,
			);
			path = Main;
			sourceTree = "<group>";
		};
		A17BE8D52A04F26F001E25EA = {
			isa = PBXGroup;
			children = (
				A1E124DF2A55A1F3009F9869 /* demo.gif */,
				A13FF7922A25CE7E002B0C05 /* README.md */,
				A17BE8E02A04F26F001E25EA /* CoordinatorMaster */,
				A17BE8DF2A04F26F001E25EA /* Products */,
			);
			sourceTree = "<group>";
		};
		A17BE8DF2A04F26F001E25EA /* Products */ = {
			isa = PBXGroup;
			children = (
				A17BE8DE2A04F26F001E25EA /* CoordinatorMaster.app */,
			);
			name = Products;
			sourceTree = "<group>";
		};
		A17BE8E02A04F26F001E25EA /* CoordinatorMaster */ = {
			isa = PBXGroup;
			children = (
				8B38990C2C2C600800586752 /* Enum */,
				8B3899062C2C51F800586752 /* MyOwn */,
				A17BE8E12A04F26F001E25EA /* AppContentView.swift */,
				A17BE8F22A04F58E001E25EA /* Resources */,
				A17BE8E72A04F272001E25EA /* Preview Content */,
			);
			path = CoordinatorMaster;
			sourceTree = "<group>";
		};
		A17BE8E72A04F272001E25EA /* Preview Content */ = {
			isa = PBXGroup;
			children = (
				A17BE8E82A04F272001E25EA /* Preview Assets.xcassets */,
			);
			path = "Preview Content";
			sourceTree = "<group>";
		};
		A17BE8F22A04F58E001E25EA /* Resources */ = {
			isa = PBXGroup;
			children = (
				A17BE8E52A04F272001E25EA /* Assets.xcassets */,
			);
			path = Resources;
			sourceTree = "<group>";
		};
/* End PBXGroup section */

/* Begin PBXNativeTarget section */
		A17BE8DD2A04F26F001E25EA /* CoordinatorMaster */ = {
			isa = PBXNativeTarget;
			buildConfigurationList = A17BE8EC2A04F272001E25EA /* Build configuration list for PBXNativeTarget "CoordinatorMaster" */;
			buildPhases = (
				A17BE8DA2A04F26F001E25EA /* Sources */,
				A17BE8DB2A04F26F001E25EA /* Frameworks */,
				A17BE8DC2A04F26F001E25EA /* Resources */,
				A1B2F32C2A0D0C500027489D /* ShellScript */,
			);
			buildRules = (
			);
			dependencies = (
			);
			name = CoordinatorMaster;
			productName = WliSwiftUIBaseApp;
			productReference = A17BE8DE2A04F26F001E25EA /* CoordinatorMaster.app */;
			productType = "com.apple.product-type.application";
		};
/* End PBXNativeTarget section */

/* Begin PBXProject section */
		A17BE8D62A04F26F001E25EA /* Project object */ = {
			isa = PBXProject;
			attributes = {
				BuildIndependentTargetsInParallel = 1;
				LastSwiftUpdateCheck = 1410;
				LastUpgradeCheck = 1410;
				TargetAttributes = {
					A17BE8DD2A04F26F001E25EA = {
						CreatedOnToolsVersion = 14.1;
					};
				};
			};
			buildConfigurationList = A17BE8D92A04F26F001E25EA /* Build configuration list for PBXProject "CoordinatorMaster" */;
			compatibilityVersion = "Xcode 14.0";
			developmentRegion = en;
			hasScannedForEncodings = 0;
			knownRegions = (
				en,
				Base,
			);
			mainGroup = A17BE8D52A04F26F001E25EA;
			productRefGroup = A17BE8DF2A04F26F001E25EA /* Products */;
			projectDirPath = "";
			projectRoot = "";
			targets = (
				A17BE8DD2A04F26F001E25EA /* CoordinatorMaster */,
			);
		};
/* End PBXProject section */

/* Begin PBXResourcesBuildPhase section */
		A17BE8DC2A04F26F001E25EA /* Resources */ = {
			isa = PBXResourcesBuildPhase;
			buildActionMask = 2147483647;
			files = (
				A17BE8E92A04F272001E25EA /* Preview Assets.xcassets in Resources */,
				A1E124E02A55A1F3009F9869 /* demo.gif in Resources */,
				A17BE8E62A04F272001E25EA /* Assets.xcassets in Resources */,
			);
			runOnlyForDeploymentPostprocessing = 0;
		};
/* End PBXResourcesBuildPhase section */

/* Begin PBXShellScriptBuildPhase section */
		A1B2F32C2A0D0C500027489D /* ShellScript */ = {
			isa = PBXShellScriptBuildPhase;
			buildActionMask = 2147483647;
			files = (
			);
			inputFileListPaths = (
			);
			inputPaths = (
			);
			outputFileListPaths = (
			);
			outputPaths = (
			);
			runOnlyForDeploymentPostprocessing = 0;
			shellPath = /bin/sh;
			shellScript = "if which swiftlint > /dev/null; then\n  swiftlint\nelse\n  echo \"warning: SwiftLint not installed, download from https://github.com/realm/SwiftLint\"\nfi\n";
		};
/* End PBXShellScriptBuildPhase section */

/* Begin PBXSourcesBuildPhase section */
		A17BE8DA2A04F26F001E25EA /* Sources */ = {
			isa = PBXSourcesBuildPhase;
			buildActionMask = 2147483647;
			files = (
				8B38990B2C2C54EE00586752 /* Views.swift in Sources */,
				A17BE95A2A051EB1001E25EA /* AppContentView.swift in Sources */,
				8B38990E2C2C601900586752 /* IdentifiableEnum.swift in Sources */,
				8B3899122C2C8D2900586752 /* LoginCoordinator.swift in Sources */,
				8B3899092C2C527500586752 /* CoreCoordinator.swift in Sources */,
				8B3899152C2C8D4B00586752 /* MainCoordinator.swift in Sources */,
			);
			runOnlyForDeploymentPostprocessing = 0;
		};
/* End PBXSourcesBuildPhase section */

/* Begin XCBuildConfiguration section */
		A17BE8EA2A04F272001E25EA /* Debug */ = {
			isa = XCBuildConfiguration;
			buildSettings = {
				ALWAYS_SEARCH_USER_PATHS = NO;
				CLANG_ANALYZER_NONNULL = YES;
				CLANG_ANALYZER_NUMBER_OBJECT_CONVERSION = YES_AGGRESSIVE;
				CLANG_CXX_LANGUAGE_STANDARD = "gnu++20";
				CLANG_ENABLE_MODULES = YES;
				CLANG_ENABLE_OBJC_ARC = YES;
				CLANG_ENABLE_OBJC_WEAK = YES;
				CLANG_WARN_BLOCK_CAPTURE_AUTORELEASING = YES;
				CLANG_WARN_BOOL_CONVERSION = YES;
				CLANG_WARN_COMMA = YES;
				CLANG_WARN_CONSTANT_CONVERSION = YES;
				CLANG_WARN_DEPRECATED_OBJC_IMPLEMENTATIONS = YES;
				CLANG_WARN_DIRECT_OBJC_ISA_USAGE = YES_ERROR;
				CLANG_WARN_DOCUMENTATION_COMMENTS = YES;
				CLANG_WARN_EMPTY_BODY = YES;
				CLANG_WARN_ENUM_CONVERSION = YES;
				CLANG_WARN_INFINITE_RECURSION = YES;
				CLANG_WARN_INT_CONVERSION = YES;
				CLANG_WARN_NON_LITERAL_NULL_CONVERSION = YES;
				CLANG_WARN_OBJC_IMPLICIT_RETAIN_SELF = YES;
				CLANG_WARN_OBJC_LITERAL_CONVERSION = YES;
				CLANG_WARN_OBJC_ROOT_CLASS = YES_ERROR;
				CLANG_WARN_QUOTED_INCLUDE_IN_FRAMEWORK_HEADER = YES;
				CLANG_WARN_RANGE_LOOP_ANALYSIS = YES;
				CLANG_WARN_STRICT_PROTOTYPES = YES;
				CLANG_WARN_SUSPICIOUS_MOVE = YES;
				CLANG_WARN_UNGUARDED_AVAILABILITY = YES_AGGRESSIVE;
				CLANG_WARN_UNREACHABLE_CODE = YES;
				CLANG_WARN__DUPLICATE_METHOD_MATCH = YES;
				COPY_PHASE_STRIP = NO;
				DEBUG_INFORMATION_FORMAT = dwarf;
				ENABLE_STRICT_OBJC_MSGSEND = YES;
				ENABLE_TESTABILITY = YES;
				GCC_C_LANGUAGE_STANDARD = gnu11;
				GCC_DYNAMIC_NO_PIC = NO;
				GCC_NO_COMMON_BLOCKS = YES;
				GCC_OPTIMIZATION_LEVEL = 0;
				GCC_PREPROCESSOR_DEFINITIONS = (
					"DEBUG=1",
					"$(inherited)",
				);
				GCC_WARN_64_TO_32_BIT_CONVERSION = YES;
				GCC_WARN_ABOUT_RETURN_TYPE = YES_ERROR;
				GCC_WARN_UNDECLARED_SELECTOR = YES;
				GCC_WARN_UNINITIALIZED_AUTOS = YES_AGGRESSIVE;
				GCC_WARN_UNUSED_FUNCTION = YES;
				GCC_WARN_UNUSED_VARIABLE = YES;
				IPHONEOS_DEPLOYMENT_TARGET = 16.1;
				MTL_ENABLE_DEBUG_INFO = INCLUDE_SOURCE;
				MTL_FAST_MATH = YES;
				ONLY_ACTIVE_ARCH = YES;
				SDKROOT = iphoneos;
				SWIFT_ACTIVE_COMPILATION_CONDITIONS = DEBUG;
				SWIFT_OPTIMIZATION_LEVEL = "-Onone";
			};
			name = Debug;
		};
		A17BE8EB2A04F272001E25EA /* Release */ = {
			isa = XCBuildConfiguration;
			buildSettings = {
				ALWAYS_SEARCH_USER_PATHS = NO;
				CLANG_ANALYZER_NONNULL = YES;
				CLANG_ANALYZER_NUMBER_OBJECT_CONVERSION = YES_AGGRESSIVE;
				CLANG_CXX_LANGUAGE_STANDARD = "gnu++20";
				CLANG_ENABLE_MODULES = YES;
				CLANG_ENABLE_OBJC_ARC = YES;
				CLANG_ENABLE_OBJC_WEAK = YES;
				CLANG_WARN_BLOCK_CAPTURE_AUTORELEASING = YES;
				CLANG_WARN_BOOL_CONVERSION = YES;
				CLANG_WARN_COMMA = YES;
				CLANG_WARN_CONSTANT_CONVERSION = YES;
				CLANG_WARN_DEPRECATED_OBJC_IMPLEMENTATIONS = YES;
				CLANG_WARN_DIRECT_OBJC_ISA_USAGE = YES_ERROR;
				CLANG_WARN_DOCUMENTATION_COMMENTS = YES;
				CLANG_WARN_EMPTY_BODY = YES;
				CLANG_WARN_ENUM_CONVERSION = YES;
				CLANG_WARN_INFINITE_RECURSION = YES;
				CLANG_WARN_INT_CONVERSION = YES;
				CLANG_WARN_NON_LITERAL_NULL_CONVERSION = YES;
				CLANG_WARN_OBJC_IMPLICIT_RETAIN_SELF = YES;
				CLANG_WARN_OBJC_LITERAL_CONVERSION = YES;
				CLANG_WARN_OBJC_ROOT_CLASS = YES_ERROR;
				CLANG_WARN_QUOTED_INCLUDE_IN_FRAMEWORK_HEADER = YES;
				CLANG_WARN_RANGE_LOOP_ANALYSIS = YES;
				CLANG_WARN_STRICT_PROTOTYPES = YES;
				CLANG_WARN_SUSPICIOUS_MOVE = YES;
				CLANG_WARN_UNGUARDED_AVAILABILITY = YES_AGGRESSIVE;
				CLANG_WARN_UNREACHABLE_CODE = YES;
				CLANG_WARN__DUPLICATE_METHOD_MATCH = YES;
				COPY_PHASE_STRIP = NO;
				DEBUG_INFORMATION_FORMAT = "dwarf-with-dsym";
				ENABLE_NS_ASSERTIONS = NO;
				ENABLE_STRICT_OBJC_MSGSEND = YES;
				GCC_C_LANGUAGE_STANDARD = gnu11;
				GCC_NO_COMMON_BLOCKS = YES;
				GCC_WARN_64_TO_32_BIT_CONVERSION = YES;
				GCC_WARN_ABOUT_RETURN_TYPE = YES_ERROR;
				GCC_WARN_UNDECLARED_SELECTOR = YES;
				GCC_WARN_UNINITIALIZED_AUTOS = YES_AGGRESSIVE;
				GCC_WARN_UNUSED_FUNCTION = YES;
				GCC_WARN_UNUSED_VARIABLE = YES;
				IPHONEOS_DEPLOYMENT_TARGET = 16.1;
				MTL_ENABLE_DEBUG_INFO = NO;
				MTL_FAST_MATH = YES;
				SDKROOT = iphoneos;
				SWIFT_COMPILATION_MODE = wholemodule;
				SWIFT_OPTIMIZATION_LEVEL = "-O";
				VALIDATE_PRODUCT = YES;
			};
			name = Release;
		};
		A17BE8ED2A04F272001E25EA /* Debug */ = {
			isa = XCBuildConfiguration;
			buildSettings = {
				ASSETCATALOG_COMPILER_APPICON_NAME = AppIcon;
				ASSETCATALOG_COMPILER_GLOBAL_ACCENT_COLOR_NAME = AccentColor;
				"CODE_SIGN_IDENTITY[sdk=iphoneos*]" = "iPhone Developer";
				CODE_SIGN_STYLE = Manual;
				CURRENT_PROJECT_VERSION = 1;
				DEVELOPMENT_ASSET_PATHS = "\"CoordinatorMaster/Preview Content\"";
				DEVELOPMENT_TEAM = "";
				"DEVELOPMENT_TEAM[sdk=iphoneos*]" = 23X7D73PKS;
				ENABLE_PREVIEWS = YES;
				GENERATE_INFOPLIST_FILE = YES;
				INFOPLIST_KEY_UIApplicationSceneManifest_Generation = YES;
				INFOPLIST_KEY_UIApplicationSupportsIndirectInputEvents = YES;
				INFOPLIST_KEY_UILaunchScreen_Generation = YES;
				INFOPLIST_KEY_UISupportedInterfaceOrientations_iPad = "UIInterfaceOrientationPortrait UIInterfaceOrientationPortraitUpsideDown UIInterfaceOrientationLandscapeLeft UIInterfaceOrientationLandscapeRight";
				INFOPLIST_KEY_UISupportedInterfaceOrientations_iPhone = "UIInterfaceOrientationPortrait UIInterfaceOrientationLandscapeLeft UIInterfaceOrientationLandscapeRight";
				LD_RUNPATH_SEARCH_PATHS = (
					"$(inherited)",
					"@executable_path/Frameworks",
				);
				MARKETING_VERSION = 1.0;
				PRODUCT_BUNDLE_IDENTIFIER = "com.webline.-";
				PRODUCT_NAME = "$(TARGET_NAME)";
				PROVISIONING_PROFILE_SPECIFIER = "";
				"PROVISIONING_PROFILE_SPECIFIER[sdk=iphoneos*]" = "";
				SWIFT_EMIT_LOC_STRINGS = YES;
				SWIFT_VERSION = 5.0;
				TARGETED_DEVICE_FAMILY = "1,2";
			};
			name = Debug;
		};
		A17BE8EE2A04F272001E25EA /* Release */ = {
			isa = XCBuildConfiguration;
			buildSettings = {
				ASSETCATALOG_COMPILER_APPICON_NAME = AppIcon;
				ASSETCATALOG_COMPILER_GLOBAL_ACCENT_COLOR_NAME = AccentColor;
				"CODE_SIGN_IDENTITY[sdk=iphoneos*]" = "iPhone Developer";
				CODE_SIGN_STYLE = Manual;
				CURRENT_PROJECT_VERSION = 1;
				DEVELOPMENT_ASSET_PATHS = "\"CoordinatorMaster/Preview Content\"";
				DEVELOPMENT_TEAM = "";
				"DEVELOPMENT_TEAM[sdk=iphoneos*]" = 23X7D73PKS;
				ENABLE_PREVIEWS = YES;
				GENERATE_INFOPLIST_FILE = YES;
				INFOPLIST_KEY_UIApplicationSceneManifest_Generation = YES;
				INFOPLIST_KEY_UIApplicationSupportsIndirectInputEvents = YES;
				INFOPLIST_KEY_UILaunchScreen_Generation = YES;
				INFOPLIST_KEY_UISupportedInterfaceOrientations_iPad = "UIInterfaceOrientationPortrait UIInterfaceOrientationPortraitUpsideDown UIInterfaceOrientationLandscapeLeft UIInterfaceOrientationLandscapeRight";
				INFOPLIST_KEY_UISupportedInterfaceOrientations_iPhone = "UIInterfaceOrientationPortrait UIInterfaceOrientationLandscapeLeft UIInterfaceOrientationLandscapeRight";
				LD_RUNPATH_SEARCH_PATHS = (
					"$(inherited)",
					"@executable_path/Frameworks",
				);
				MARKETING_VERSION = 1.0;
				PRODUCT_BUNDLE_IDENTIFIER = "com.webline.-";
				PRODUCT_NAME = "$(TARGET_NAME)";
				PROVISIONING_PROFILE_SPECIFIER = "";
				"PROVISIONING_PROFILE_SPECIFIER[sdk=iphoneos*]" = "";
				SWIFT_EMIT_LOC_STRINGS = YES;
				SWIFT_VERSION = 5.0;
				TARGETED_DEVICE_FAMILY = "1,2";
			};
			name = Release;
		};
/* End XCBuildConfiguration section */

/* Begin XCConfigurationList section */
		A17BE8D92A04F26F001E25EA /* Build configuration list for PBXProject "CoordinatorMaster" */ = {
			isa = XCConfigurationList;
			buildConfigurations = (
				A17BE8EA2A04F272001E25EA /* Debug */,
				A17BE8EB2A04F272001E25EA /* Release */,
			);
			defaultConfigurationIsVisible = 0;
			defaultConfigurationName = Release;
		};
		A17BE8EC2A04F272001E25EA /* Build configuration list for PBXNativeTarget "CoordinatorMaster" */ = {
			isa = XCConfigurationList;
			buildConfigurations = (
				A17BE8ED2A04F272001E25EA /* Debug */,
				A17BE8EE2A04F272001E25EA /* Release */,
			);
			defaultConfigurationIsVisible = 0;
			defaultConfigurationName = Release;
		};
/* End XCConfigurationList section */
	};
	rootObject = A17BE8D62A04F26F001E25EA /* Project object */;
}
